# THIS IS AN AUTOGENERATED FILE. DO NOT EDIT THIS FILE DIRECTLY.
# yarn lockfile v1


"@f/get-prop@^1.1.1":
  version "1.1.1"
  resolved "https://registry.yarnpkg.com/@f/get-prop/-/get-prop-1.1.1.tgz#525cbe5c037e0e70ce2bf8021eeb862db3aef4f0"
  dependencies:
    "@f/is-string" "^1.0.1"

"@f/is-string@^1.0.1":
  version "1.1.1"
  resolved "https://registry.yarnpkg.com/@f/is-string/-/is-string-1.1.1.tgz#02a098ff44562e42ad795380909b46824b0f06db"
